
Microsoft Visual Studio Solution File, Format Version 12.00
# Visual Studio Version 17
VisualStudioVersion = 17.7.34221.43
MinimumVisualStudioVersion = 10.0.40219.1
Project("{FAE04EC0-301F-11D3-BF4B-00C04F79EFBC}") = "Project_Job_Portal", "Project_Job_Portal\Project_Job_Portal.csproj", "{9B697F5C-540A-4FAE-BA39-E9828A8E232B}"
EndProject
Global
	GlobalSection(SolutionConfigurationPlatforms) = preSolution
		Debug|Any CPU = Debug|Any CPU
		Release|Any CPU = Release|Any CPU
	EndGlobalSection
	GlobalSection(ProjectConfigurationPlatforms) = postSolution
		{9B697F5C-540A-4FAE-BA39-E9828A8E232B}.Debug|Any CPU.ActiveCfg = Debug|Any CPU
		{9B697F5C-540A-4FAE-BA39-E9828A8E232B}.Debug|Any CPU.Build.0 = Debug|Any CPU
		{9B697F5C-540A-4FAE-BA39-E9828A8E232B}.Release|Any CPU.ActiveCfg = Release|Any CPU
		{9B697F5C-540A-4FAE-BA39-E9828A8E232B}.Release|Any CPU.Build.0 = Release|Any CPU
	EndGlobalSection
	GlobalSection(SolutionProperties) = preSolution
		HideSolutionNode = FALSE
	EndGlobalSection
	GlobalSection(ExtensibilityGlobals) = postSolution
		SolutionGuid = {97B00579-AB58-4732-AF89-5A87CC265FD3}
	EndGlobalSection
EndGlobal
